
Microsoft Visual Studio Solution File, Format Version 12.00
# Visual Studio Version 16
VisualStudioVersion = 16.0.36422.26
MinimumVisualStudioVersion = 10.0.40219.1
Project("{FAE04EC0-301F-11D3-BF4B-00C04F79EFBC}") = "WindowsFormsApp1", "WindowsFormsApp1\WindowsFormsApp1.csproj", "{4176BE98-7523-4EA1-B47E-0DA35F2FD885}"
EndProject
Global
	GlobalSection(SolutionConfigurationPlatforms) = preSolution
		Debug|Any CPU = Debug|Any CPU
		Release|Any CPU = Release|Any CPU
	EndGlobalSection
	GlobalSection(ProjectConfigurationPlatforms) = postSolution
		{4176BE98-7523-4EA1-B47E-0DA35F2FD885}.Debug|Any CPU.ActiveCfg = Debug|Any CPU
		{4176BE98-7523-4EA1-B47E-0DA35F2FD885}.Debug|Any CPU.Build.0 = Debug|Any CPU
		{4176BE98-7523-4EA1-B47E-0DA35F2FD885}.Release|Any CPU.ActiveCfg = Release|Any CPU
		{4176BE98-7523-4EA1-B47E-0DA35F2FD885}.Release|Any CPU.Build.0 = Release|Any CPU
	EndGlobalSection
	GlobalSection(SolutionProperties) = preSolution
		HideSolutionNode = FALSE
	EndGlobalSection
	GlobalSection(ExtensibilityGlobals) = postSolution
		SolutionGuid = {889A9495-7134-45B8-BD91-43040901FB07}
	EndGlobalSection
EndGlobal
